
Microsoft Visual Studio Solution File, Format Version 12.00
# Visual Studio Version 16
VisualStudioVersion = 16.0.29519.87
MinimumVisualStudioVersion = 10.0.40219.1
Project("{F184B08F-C81C-45F6-A57F-5ABD9991F28F}") = "SCON_Driver_w_Forms", "SCON_Driver_w_Forms\SCON_Driver_w_Forms.vbproj", "{FAA7B480-D9CB-4D7C-9E57-D51F9C34878F}"
	ProjectSection(ProjectDependencies) = postProject
		{7657FC4A-AEDF-4F17-B3E9-0D0DFB1CE23B} = {7657FC4A-AEDF-4F17-B3E9-0D0DFB1CE23B}
	EndProjectSection
EndProject
Project("{FAE04EC0-301F-11D3-BF4B-00C04F79EFBC}") = "EasyModbus", "EasyModbusTCP.NET-master\EasyModbus\EasyModbus.csproj", "{7657FC4A-AEDF-4F17-B3E9-0D0DFB1CE23B}"
EndProject
Project("{FAE04EC0-301F-11D3-BF4B-00C04F79EFBC}") = "EasyModbusClientExample", "EasyModbusTCP.NET-master\EasyModbusClientExample\EasyModbusClientExample.csproj", "{9412077F-7DFF-45D0-AFF9-7D5303118EA7}"
EndProject
Project("{F184B08F-C81C-45F6-A57F-5ABD9991F28F}") = "IAIDrivers", "IAIAxisDriver\IAIDrivers.vbproj", "{C0614B5E-ADAB-4BE3-934B-894A88CEF68B}"
EndProject
Global
	GlobalSection(SolutionConfigurationPlatforms) = preSolution
		Debug|Any CPU = Debug|Any CPU
		DebugCommercial|Any CPU = DebugCommercial|Any CPU
		DebugCommercial2|Any CPU = DebugCommercial2|Any CPU
		Release|Any CPU = Release|Any CPU
	EndGlobalSection
	GlobalSection(ProjectConfigurationPlatforms) = postSolution
		{FAA7B480-D9CB-4D7C-9E57-D51F9C34878F}.Debug|Any CPU.ActiveCfg = Debug|Any CPU
		{FAA7B480-D9CB-4D7C-9E57-D51F9C34878F}.Debug|Any CPU.Build.0 = Debug|Any CPU
		{FAA7B480-D9CB-4D7C-9E57-D51F9C34878F}.DebugCommercial|Any CPU.ActiveCfg = Debug|Any CPU
		{FAA7B480-D9CB-4D7C-9E57-D51F9C34878F}.DebugCommercial|Any CPU.Build.0 = Debug|Any CPU
		{FAA7B480-D9CB-4D7C-9E57-D51F9C34878F}.DebugCommercial2|Any CPU.ActiveCfg = Debug|Any CPU
		{FAA7B480-D9CB-4D7C-9E57-D51F9C34878F}.DebugCommercial2|Any CPU.Build.0 = Debug|Any CPU
		{FAA7B480-D9CB-4D7C-9E57-D51F9C34878F}.Release|Any CPU.ActiveCfg = Release|Any CPU
		{FAA7B480-D9CB-4D7C-9E57-D51F9C34878F}.Release|Any CPU.Build.0 = Release|Any CPU
		{7657FC4A-AEDF-4F17-B3E9-0D0DFB1CE23B}.Debug|Any CPU.ActiveCfg = Debug|Any CPU
		{7657FC4A-AEDF-4F17-B3E9-0D0DFB1CE23B}.Debug|Any CPU.Build.0 = Debug|Any CPU
		{7657FC4A-AEDF-4F17-B3E9-0D0DFB1CE23B}.DebugCommercial|Any CPU.ActiveCfg = DebugCommercial|Any CPU
		{7657FC4A-AEDF-4F17-B3E9-0D0DFB1CE23B}.DebugCommercial|Any CPU.Build.0 = DebugCommercial|Any CPU
		{7657FC4A-AEDF-4F17-B3E9-0D0DFB1CE23B}.DebugCommercial2|Any CPU.ActiveCfg = DebugCommercial|Any CPU
		{7657FC4A-AEDF-4F17-B3E9-0D0DFB1CE23B}.DebugCommercial2|Any CPU.Build.0 = DebugCommercial|Any CPU
		{7657FC4A-AEDF-4F17-B3E9-0D0DFB1CE23B}.Release|Any CPU.ActiveCfg = Release|Any CPU
		{7657FC4A-AEDF-4F17-B3E9-0D0DFB1CE23B}.Release|Any CPU.Build.0 = Release|Any CPU
		{9412077F-7DFF-45D0-AFF9-7D5303118EA7}.Debug|Any CPU.ActiveCfg = Debug|Any CPU
		{9412077F-7DFF-45D0-AFF9-7D5303118EA7}.Debug|Any CPU.Build.0 = Debug|Any CPU
		{9412077F-7DFF-45D0-AFF9-7D5303118EA7}.DebugCommercial|Any CPU.ActiveCfg = DebugCommercial2|Any CPU
		{9412077F-7DFF-45D0-AFF9-7D5303118EA7}.DebugCommercial|Any CPU.Build.0 = DebugCommercial2|Any CPU
		{9412077F-7DFF-45D0-AFF9-7D5303118EA7}.DebugCommercial2|Any CPU.ActiveCfg = DebugCommercial2|Any CPU
		{9412077F-7DFF-45D0-AFF9-7D5303118EA7}.DebugCommercial2|Any CPU.Build.0 = DebugCommercial2|Any CPU
		{9412077F-7DFF-45D0-AFF9-7D5303118EA7}.Release|Any CPU.ActiveCfg = Release|Any CPU
		{9412077F-7DFF-45D0-AFF9-7D5303118EA7}.Release|Any CPU.Build.0 = Release|Any CPU
		{C0614B5E-ADAB-4BE3-934B-894A88CEF68B}.Debug|Any CPU.ActiveCfg = Debug|Any CPU
		{C0614B5E-ADAB-4BE3-934B-894A88CEF68B}.Debug|Any CPU.Build.0 = Debug|Any CPU
		{C0614B5E-ADAB-4BE3-934B-894A88CEF68B}.DebugCommercial|Any CPU.ActiveCfg = Debug|Any CPU
		{C0614B5E-ADAB-4BE3-934B-894A88CEF68B}.DebugCommercial|Any CPU.Build.0 = Debug|Any CPU
		{C0614B5E-ADAB-4BE3-934B-894A88CEF68B}.DebugCommercial2|Any CPU.ActiveCfg = Debug|Any CPU
		{C0614B5E-ADAB-4BE3-934B-894A88CEF68B}.DebugCommercial2|Any CPU.Build.0 = Debug|Any CPU
		{C0614B5E-ADAB-4BE3-934B-894A88CEF68B}.Release|Any CPU.ActiveCfg = Release|Any CPU
		{C0614B5E-ADAB-4BE3-934B-894A88CEF68B}.Release|Any CPU.Build.0 = Release|Any CPU
	EndGlobalSection
	GlobalSection(SolutionProperties) = preSolution
		HideSolutionNode = FALSE
	EndGlobalSection
	GlobalSection(ExtensibilityGlobals) = postSolution
		SolutionGuid = {8EC3B15C-6576-40EE-915A-869C51BB7E8B}
	EndGlobalSection
EndGlobal
